
Microsoft Visual Studio Solution File, Format Version 12.00
# Visual Studio 15
VisualStudioVersion = 15.0.27428.2015
MinimumVisualStudioVersion = 10.0.40219.1
Project("{FAE04EC0-301F-11D3-BF4B-00C04F79EFBC}") = "Chapter22", "Chapter22\Chapter22.csproj", "{506A5C4F-8B8C-4E43-B83B-300F8871849D}"
EndProject
Global
	GlobalSection(SolutionConfigurationPlatforms) = preSolution
		Debug|Any CPU = Debug|Any CPU
		Release|Any CPU = Release|Any CPU
	EndGlobalSection
	GlobalSection(ProjectConfigurationPlatforms) = postSolution
		{506A5C4F-8B8C-4E43-B83B-300F8871849D}.Debug|Any CPU.ActiveCfg = Debug|Any CPU
		{506A5C4F-8B8C-4E43-B83B-300F8871849D}.Debug|Any CPU.Build.0 = Debug|Any CPU
		{506A5C4F-8B8C-4E43-B83B-300F8871849D}.Release|Any CPU.ActiveCfg = Release|Any CPU
		{506A5C4F-8B8C-4E43-B83B-300F8871849D}.Release|Any CPU.Build.0 = Release|Any CPU
	EndGlobalSection
	GlobalSection(SolutionProperties) = preSolution
		HideSolutionNode = FALSE
	EndGlobalSection
	GlobalSection(ExtensibilityGlobals) = postSolution
		SolutionGuid = {94D41154-B5DF-42CE-8AD2-BF84C19E8CD5}
	EndGlobalSection
EndGlobal
