
Microsoft Visual Studio Solution File, Format Version 12.00
# Visual Studio 15
VisualStudioVersion = 15.0.27428.2015
MinimumVisualStudioVersion = 10.0.40219.1
Project("{FAE04EC0-301F-11D3-BF4B-00C04F79EFBC}") = "WpfApplication1", "WpfApplication1\WpfApplication1.csproj", "{B2CCEC79-C1C3-415F-BCEC-598AA1F986F1}"
EndProject
Global
	GlobalSection(SolutionConfigurationPlatforms) = preSolution
		Debug|Any CPU = Debug|Any CPU
		Release|Any CPU = Release|Any CPU
	EndGlobalSection
	GlobalSection(ProjectConfigurationPlatforms) = postSolution
		{B2CCEC79-C1C3-415F-BCEC-598AA1F986F1}.Debug|Any CPU.ActiveCfg = Debug|Any CPU
		{B2CCEC79-C1C3-415F-BCEC-598AA1F986F1}.Debug|Any CPU.Build.0 = Debug|Any CPU
		{B2CCEC79-C1C3-415F-BCEC-598AA1F986F1}.Release|Any CPU.ActiveCfg = Release|Any CPU
		{B2CCEC79-C1C3-415F-BCEC-598AA1F986F1}.Release|Any CPU.Build.0 = Release|Any CPU
	EndGlobalSection
	GlobalSection(SolutionProperties) = preSolution
		HideSolutionNode = FALSE
	EndGlobalSection
	GlobalSection(ExtensibilityGlobals) = postSolution
		SolutionGuid = {33920904-2506-4E54-9DE4-48F902779E0A}
	EndGlobalSection
EndGlobal
